// !$*UTF8*$!
{
	archiveVersion = 1;
	classes = {
	};
	objectVersion = 50;
	objects = {

/* Begin PBXBuildFile section */
		C9C0A8C82755795C00A3B46B /* AppDelegate.swift in Sources */ = {isa = PBXBuildFile; fileRef = C9C0A8C72755795C00A3B46B /* AppDelegate.swift */; };
		C9C0A8CA2755795C00A3B46B /* SceneDelegate.swift in Sources */ = {isa = PBXBuildFile; fileRef = C9C0A8C92755795C00A3B46B /* SceneDelegate.swift */; };
		C9C0A8CC2755795C00A3B46B /* ContentView.swift in Sources */ = {isa = PBXBuildFile; fileRef = C9C0A8CB2755795C00A3B46B /* ContentView.swift */; };
		C9C0A8CE2755795E00A3B46B /* Assets.xcassets in Resources */ = {isa = PBXBuildFile; fileRef = C9C0A8CD2755795E00A3B46B /* Assets.xcassets */; };
		C9C0A8D12755795E00A3B46B /* Preview Assets.xcassets in Resources */ = {isa = PBXBuildFile; fileRef = C9C0A8D02755795E00A3B46B /* Preview Assets.xcassets */; };
		C9C0A8D42755795E00A3B46B /* LaunchScreen.storyboard in Resources */ = {isa = PBXBuildFile; fileRef = C9C0A8D22755795E00A3B46B /* LaunchScreen.storyboard */; };
		C9C0A8DE27557D9800A3B46B /* NetworkManager.swift in Sources */ = {isa = PBXBuildFile; fileRef = C9C0A8DD27557D9800A3B46B /* NetworkManager.swift */; };
		C9C0A8E227557F7800A3B46B /* PostData.swift in Sources */ = {isa = PBXBuildFile; fileRef = C9C0A8E127557F7800A3B46B /* PostData.swift */; };
		C9C0A8E9275587BD00A3B46B /* DetailView.swift in Sources */ = {isa = PBXBuildFile; fileRef = C9C0A8E8275587BD00A3B46B /* DetailView.swift */; };
		C9C0A8EC27558CA900A3B46B /* WebView.swift in Sources */ = {isa = PBXBuildFile; fileRef = C9C0A8EB27558CA900A3B46B /* WebView.swift */; };
/* End PBXBuildFile section */

/* Begin PBXFileReference section */
		C9C0A8C42755795C00A3B46B /* H4X0R.app */ = {isa = PBXFileReference; explicitFileType = wrapper.application; includeInIndex = 0; path = H4X0R.app; sourceTree = BUILT_PRODUCTS_DIR; };
		C9C0A8C72755795C00A3B46B /* AppDelegate.swift */ = {isa = PBXFileReference; lastKnownFileType = sourcecode.swift; path = AppDelegate.swift; sourceTree = "<group>"; };
		C9C0A8C92755795C00A3B46B /* SceneDelegate.swift */ = {isa = PBXFileReference; lastKnownFileType = sourcecode.swift; path = SceneDelegate.swift; sourceTree = "<group>"; };
		C9C0A8CB2755795C00A3B46B /* ContentView.swift */ = {isa = PBXFileReference; lastKnownFileType = sourcecode.swift; path = ContentView.swift; sourceTree = "<group>"; };
		C9C0A8CD2755795E00A3B46B /* Assets.xcassets */ = {isa = PBXFileReference; lastKnownFileType = folder.assetcatalog; path = Assets.xcassets; sourceTree = "<group>"; };
		C9C0A8D02755795E00A3B46B /* Preview Assets.xcassets */ = {isa = PBXFileReference; lastKnownFileType = folder.assetcatalog; path = "Preview Assets.xcassets"; sourceTree = "<group>"; };
		C9C0A8D32755795E00A3B46B /* Base */ = {isa = PBXFileReference; lastKnownFileType = file.storyboard; name = Base; path = Base.lproj/LaunchScreen.storyboard; sourceTree = "<group>"; };
		C9C0A8D52755795E00A3B46B /* Info.plist */ = {isa = PBXFileReference; lastKnownFileType = text.plist.xml; path = Info.plist; sourceTree = "<group>"; };
		C9C0A8DD27557D9800A3B46B /* NetworkManager.swift */ = {isa = PBXFileReference; lastKnownFileType = sourcecode.swift; path = NetworkManager.swift; sourceTree = "<group>"; };
		C9C0A8E127557F7800A3B46B /* PostData.swift */ = {isa = PBXFileReference; lastKnownFileType = sourcecode.swift; path = PostData.swift; sourceTree = "<group>"; };
		C9C0A8E8275587BD00A3B46B /* DetailView.swift */ = {isa = PBXFileReference; lastKnownFileType = sourcecode.swift; path = DetailView.swift; sourceTree = "<group>"; };
		C9C0A8EB27558CA900A3B46B /* WebView.swift */ = {isa = PBXFileReference; lastKnownFileType = sourcecode.swift; path = WebView.swift; sourceTree = "<group>"; };
		C9C0A8EE27558DEE00A3B46B /* H4X0R.entitlements */ = {isa = PBXFileReference; lastKnownFileType = text.plist.entitlements; path = H4X0R.entitlements; sourceTree = "<group>"; };
/* End PBXFileReference section */

/* Begin PBXFrameworksBuildPhase section */
		C9C0A8C12755795C00A3B46B /* Frameworks */ = {
			isa = PBXFrameworksBuildPhase;
			buildActionMask = 2147483647;
			files = (
			);
			runOnlyForDeploymentPostprocessing = 0;
		};
/* End PBXFrameworksBuildPhase section */

/* Begin PBXGroup section */
		C9C0A8BB2755795C00A3B46B = {
			isa = PBXGroup;
			children = (
				C9C0A8C62755795C00A3B46B /* H4X0R */,
				C9C0A8C52755795C00A3B46B /* Products */,
			);
			sourceTree = "<group>";
		};
		C9C0A8C52755795C00A3B46B /* Products */ = {
			isa = PBXGroup;
			children = (
				C9C0A8C42755795C00A3B46B /* H4X0R.app */,
			);
			name = Products;
			sourceTree = "<group>";
		};
		C9C0A8C62755795C00A3B46B /* H4X0R */ = {
			isa = PBXGroup;
			children = (
				C9C0A8EE27558DEE00A3B46B /* H4X0R.entitlements */,
				C9C0A8DC27557D7800A3B46B /* Models */,
				C9C0A8C72755795C00A3B46B /* AppDelegate.swift */,
				C9C0A8C92755795C00A3B46B /* SceneDelegate.swift */,
				C9C0A8E6275587A200A3B46B /* Views */,
				C9C0A8CD2755795E00A3B46B /* Assets.xcassets */,
				C9C0A8D22755795E00A3B46B /* LaunchScreen.storyboard */,
				C9C0A8D52755795E00A3B46B /* Info.plist */,
				C9C0A8CF2755795E00A3B46B /* Preview Content */,
			);
			path = H4X0R;
			sourceTree = "<group>";
		};
		C9C0A8CF2755795E00A3B46B /* Preview Content */ = {
			isa = PBXGroup;
			children = (
				C9C0A8D02755795E00A3B46B /* Preview Assets.xcassets */,
			);
			path = "Preview Content";
			sourceTree = "<group>";
		};
		C9C0A8DC27557D7800A3B46B /* Models */ = {
			isa = PBXGroup;
			children = (
				C9C0A8DD27557D9800A3B46B /* NetworkManager.swift */,
				C9C0A8E127557F7800A3B46B /* PostData.swift */,
			);
			path = Models;
			sourceTree = "<group>";
		};
		C9C0A8E6275587A200A3B46B /* Views */ = {
			isa = PBXGroup;
			children = (
				C9C0A8CB2755795C00A3B46B /* ContentView.swift */,
				C9C0A8E8275587BD00A3B46B /* DetailView.swift */,
				C9C0A8EB27558CA900A3B46B /* WebView.swift */,
			);
			path = Views;
			sourceTree = "<group>";
		};
/* End PBXGroup section */

/* Begin PBXNativeTarget section */
		C9C0A8C32755795C00A3B46B /* H4X0R */ = {
			isa = PBXNativeTarget;
			buildConfigurationList = C9C0A8D82755795E00A3B46B /* Build configuration list for PBXNativeTarget "H4X0R" */;
			buildPhases = (
				C9C0A8C02755795C00A3B46B /* Sources */,
				C9C0A8C12755795C00A3B46B /* Frameworks */,
				C9C0A8C22755795C00A3B46B /* Resources */,
			);
			buildRules = (
			);
			dependencies = (
			);
			name = H4X0R;
			productName = H4X0R;
			productReference = C9C0A8C42755795C00A3B46B /* H4X0R.app */;
			productType = "com.apple.product-type.application";
		};
/* End PBXNativeTarget section */

/* Begin PBXProject section */
		C9C0A8BC2755795C00A3B46B /* Project object */ = {
			isa = PBXProject;
			attributes = {
				LastSwiftUpdateCheck = 1240;
				LastUpgradeCheck = 1240;
				TargetAttributes = {
					C9C0A8C32755795C00A3B46B = {
						CreatedOnToolsVersion = 12.4;
					};
				};
			};
			buildConfigurationList = C9C0A8BF2755795C00A3B46B /* Build configuration list for PBXProject "H4X0R" */;
			compatibilityVersion = "Xcode 9.3";
			developmentRegion = en;
			hasScannedForEncodings = 0;
			knownRegions = (
				en,
				Base,
			);
			mainGroup = C9C0A8BB2755795C00A3B46B;
			productRefGroup = C9C0A8C52755795C00A3B46B /* Products */;
			projectDirPath = "";
			projectRoot = "";
			targets = (
				C9C0A8C32755795C00A3B46B /* H4X0R */,
			);
		};
/* End PBXProject section */

/* Begin PBXResourcesBuildPhase section */
		C9C0A8C22755795C00A3B46B /* Resources */ = {
			isa = PBXResourcesBuildPhase;
			buildActionMask = 2147483647;
			files = (
				C9C0A8D42755795E00A3B46B /* LaunchScreen.storyboard in Resources */,
				C9C0A8D12755795E00A3B46B /* Preview Assets.xcassets in Resources */,
				C9C0A8CE2755795E00A3B46B /* Assets.xcassets in Resources */,
			);
			runOnlyForDeploymentPostprocessing = 0;
		};
/* End PBXResourcesBuildPhase section */

/* Begin PBXSourcesBuildPhase section */
		C9C0A8C02755795C00A3B46B /* Sources */ = {
			isa = PBXSourcesBuildPhase;
			buildActionMask = 2147483647;
			files = (
				C9C0A8E227557F7800A3B46B /* PostData.swift in Sources */,
				C9C0A8E9275587BD00A3B46B /* DetailView.swift in Sources */,
				C9C0A8DE27557D9800A3B46B /* NetworkManager.swift in Sources */,
				C9C0A8C82755795C00A3B46B /* AppDelegate.swift in Sources */,
				C9C0A8CA2755795C00A3B46B /* SceneDelegate.swift in Sources */,
				C9C0A8CC2755795C00A3B46B /* ContentView.swift in Sources */,
				C9C0A8EC27558CA900A3B46B /* WebView.swift in Sources */,
			);
			runOnlyForDeploymentPostprocessing = 0;
		};
/* End PBXSourcesBuildPhase section */

/* Begin PBXVariantGroup section */
		C9C0A8D22755795E00A3B46B /* LaunchScreen.storyboard */ = {
			isa = PBXVariantGroup;
			children = (
				C9C0A8D32755795E00A3B46B /* Base */,
			);
			name = LaunchScreen.storyboard;
			sourceTree = "<group>";
		};
/* End PBXVariantGroup section */

/* Begin XCBuildConfiguration section */
		C9C0A8D62755795E00A3B46B /* Debug */ = {
			isa = XCBuildConfiguration;
			buildSettings = {
				ALWAYS_SEARCH_USER_PATHS = NO;
				CLANG_ANALYZER_NONNULL = YES;
				CLANG_ANALYZER_NUMBER_OBJECT_CONVERSION = YES_AGGRESSIVE;
				CLANG_CXX_LANGUAGE_STANDARD = "gnu++14";
				CLANG_CXX_LIBRARY = "libc++";
				CLANG_ENABLE_MODULES = YES;
				CLANG_ENABLE_OBJC_ARC = YES;
				CLANG_ENABLE_OBJC_WEAK = YES;
				CLANG_WARN_BLOCK_CAPTURE_AUTORELEASING = YES;
				CLANG_WARN_BOOL_CONVERSION = YES;
				CLANG_WARN_COMMA = YES;
				CLANG_WARN_CONSTANT_CONVERSION = YES;
				CLANG_WARN_DEPRECATED_OBJC_IMPLEMENTATIONS = YES;
				CLANG_WARN_DIRECT_OBJC_ISA_USAGE = YES_ERROR;
				CLANG_WARN_DOCUMENTATION_COMMENTS = YES;
				CLANG_WARN_EMPTY_BODY = YES;
				CLANG_WARN_ENUM_CONVERSION = YES;
				CLANG_WARN_INFINITE_RECURSION = YES;
				CLANG_WARN_INT_CONVERSION = YES;
				CLANG_WARN_NON_LITERAL_NULL_CONVERSION = YES;
				CLANG_WARN_OBJC_IMPLICIT_RETAIN_SELF = YES;
				CLANG_WARN_OBJC_LITERAL_CONVERSION = YES;
				CLANG_WARN_OBJC_ROOT_CLASS = YES_ERROR;
				CLANG_WARN_QUOTED_INCLUDE_IN_FRAMEWORK_HEADER = YES;
				CLANG_WARN_RANGE_LOOP_ANALYSIS = YES;
				CLANG_WARN_STRICT_PROTOTYPES = YES;
				CLANG_WARN_SUSPICIOUS_MOVE = YES;
				CLANG_WARN_UNGUARDED_AVAILABILITY = YES_AGGRESSIVE;
				CLANG_WARN_UNREACHABLE_CODE = YES;
				CLANG_WARN__DUPLICATE_METHOD_MATCH = YES;
				COPY_PHASE_STRIP = NO;
				DEBUG_INFORMATION_FORMAT = dwarf;
				ENABLE_STRICT_OBJC_MSGSEND = YES;
				ENABLE_TESTABILITY = YES;
				GCC_C_LANGUAGE_STANDARD = gnu11;
				GCC_DYNAMIC_NO_PIC = NO;
				GCC_NO_COMMON_BLOCKS = YES;
				GCC_OPTIMIZATION_LEVEL = 0;
				GCC_PREPROCESSOR_DEFINITIONS = (
					"DEBUG=1",
					"$(inherited)",
				);
				GCC_WARN_64_TO_32_BIT_CONVERSION = YES;
				GCC_WARN_ABOUT_RETURN_TYPE = YES_ERROR;
				GCC_WARN_UNDECLARED_SELECTOR = YES;
				GCC_WARN_UNINITIALIZED_AUTOS = YES_AGGRESSIVE;
				GCC_WARN_UNUSED_FUNCTION = YES;
				GCC_WARN_UNUSED_VARIABLE = YES;
				IPHONEOS_DEPLOYMENT_TARGET = 14.4;
				MTL_ENABLE_DEBUG_INFO = INCLUDE_SOURCE;
				MTL_FAST_MATH = YES;
				ONLY_ACTIVE_ARCH = YES;
				SDKROOT = iphoneos;
				SWIFT_ACTIVE_COMPILATION_CONDITIONS = DEBUG;
				SWIFT_OPTIMIZATION_LEVEL = "-Onone";
			};
			name = Debug;
		};
		C9C0A8D72755795E00A3B46B /* Release */ = {
			isa = XCBuildConfiguration;
			buildSettings = {
				ALWAYS_SEARCH_USER_PATHS = NO;
				CLANG_ANALYZER_NONNULL = YES;
				CLANG_ANALYZER_NUMBER_OBJECT_CONVERSION = YES_AGGRESSIVE;
				CLANG_CXX_LANGUAGE_STANDARD = "gnu++14";
				CLANG_CXX_LIBRARY = "libc++";
				CLANG_ENABLE_MODULES = YES;
				CLANG_ENABLE_OBJC_ARC = YES;
				CLANG_ENABLE_OBJC_WEAK = YES;
				CLANG_WARN_BLOCK_CAPTURE_AUTORELEASING = YES;
				CLANG_WARN_BOOL_CONVERSION = YES;
				CLANG_WARN_COMMA = YES;
				CLANG_WARN_CONSTANT_CONVERSION = YES;
				CLANG_WARN_DEPRECATED_OBJC_IMPLEMENTATIONS = YES;
				CLANG_WARN_DIRECT_OBJC_ISA_USAGE = YES_ERROR;
				CLANG_WARN_DOCUMENTATION_COMMENTS = YES;
				CLANG_WARN_EMPTY_BODY = YES;
				CLANG_WARN_ENUM_CONVERSION = YES;
				CLANG_WARN_INFINITE_RECURSION = YES;
				CLANG_WARN_INT_CONVERSION = YES;
				CLANG_WARN_NON_LITERAL_NULL_CONVERSION = YES;
				CLANG_WARN_OBJC_IMPLICIT_RETAIN_SELF = YES;
				CLANG_WARN_OBJC_LITERAL_CONVERSION = YES;
				CLANG_WARN_OBJC_ROOT_CLASS = YES_ERROR;
				CLANG_WARN_QUOTED_INCLUDE_IN_FRAMEWORK_HEADER = YES;
				CLANG_WARN_RANGE_LOOP_ANALYSIS = YES;
				CLANG_WARN_STRICT_PROTOTYPES = YES;
				CLANG_WARN_SUSPICIOUS_MOVE = YES;
				CLANG_WARN_UNGUARDED_AVAILABILITY = YES_AGGRESSIVE;
				CLANG_WARN_UNREACHABLE_CODE = YES;
				CLANG_WARN__DUPLICATE_METHOD_MATCH = YES;
				COPY_PHASE_STRIP = NO;
				DEBUG_INFORMATION_FORMAT = "dwarf-with-dsym";
				ENABLE_NS_ASSERTIONS = NO;
				ENABLE_STRICT_OBJC_MSGSEND = YES;
				GCC_C_LANGUAGE_STANDARD = gnu11;
				GCC_NO_COMMON_BLOCKS = YES;
				GCC_WARN_64_TO_32_BIT_CONVERSION = YES;
				GCC_WARN_ABOUT_RETURN_TYPE = YES_ERROR;
				GCC_WARN_UNDECLARED_SELECTOR = YES;
				GCC_WARN_UNINITIALIZED_AUTOS = YES_AGGRESSIVE;
				GCC_WARN_UNUSED_FUNCTION = YES;
				GCC_WARN_UNUSED_VARIABLE = YES;
				IPHONEOS_DEPLOYMENT_TARGET = 14.4;
				MTL_ENABLE_DEBUG_INFO = NO;
				MTL_FAST_MATH = YES;
				SDKROOT = iphoneos;
				SWIFT_COMPILATION_MODE = wholemodule;
				SWIFT_OPTIMIZATION_LEVEL = "-O";
				VALIDATE_PRODUCT = YES;
			};
			name = Release;
		};
		C9C0A8D92755795E00A3B46B /* Debug */ = {
			isa = XCBuildConfiguration;
			buildSettings = {
				ASSETCATALOG_COMPILER_APPICON_NAME = AppIcon;
				ASSETCATALOG_COMPILER_GLOBAL_ACCENT_COLOR_NAME = AccentColor;
				CODE_SIGN_ENTITLEMENTS = H4X0R/H4X0R.entitlements;
				"CODE_SIGN_IDENTITY[sdk=macosx*]" = "Apple Development";
				CODE_SIGN_STYLE = Automatic;
				DEVELOPMENT_ASSET_PATHS = "\"H4X0R/Preview Content\"";
				DEVELOPMENT_TEAM = 6TFM8KBJ34;
				ENABLE_PREVIEWS = YES;
				INFOPLIST_FILE = H4X0R/Info.plist;
				LD_RUNPATH_SEARCH_PATHS = (
					"$(inherited)",
					"@executable_path/Frameworks",
				);
				PRODUCT_BUNDLE_IDENTIFIER = com.mk.H4X0R;
				PRODUCT_NAME = "$(TARGET_NAME)";
				SUPPORTS_MACCATALYST = NO;
				SWIFT_VERSION = 5.0;
				TARGETED_DEVICE_FAMILY = "1,2";
			};
			name = Debug;
		};
		C9C0A8DA2755795E00A3B46B /* Release */ = {
			isa = XCBuildConfiguration;
			buildSettings = {
				ASSETCATALOG_COMPILER_APPICON_NAME = AppIcon;
				ASSETCATALOG_COMPILER_GLOBAL_ACCENT_COLOR_NAME = AccentColor;
				CODE_SIGN_ENTITLEMENTS = H4X0R/H4X0R.entitlements;
				"CODE_SIGN_IDENTITY[sdk=macosx*]" = "Apple Development";
				CODE_SIGN_STYLE = Automatic;
				DEVELOPMENT_ASSET_PATHS = "\"H4X0R/Preview Content\"";
				DEVELOPMENT_TEAM = 6TFM8KBJ34;
				ENABLE_PREVIEWS = YES;
				INFOPLIST_FILE = H4X0R/Info.plist;
				LD_RUNPATH_SEARCH_PATHS = (
					"$(inherited)",
					"@executable_path/Frameworks",
				);
				PRODUCT_BUNDLE_IDENTIFIER = com.mk.H4X0R;
				PRODUCT_NAME = "$(TARGET_NAME)";
				SUPPORTS_MACCATALYST = NO;
				SWIFT_VERSION = 5.0;
				TARGETED_DEVICE_FAMILY = "1,2";
			};
			name = Release;
		};
/* End XCBuildConfiguration section */

/* Begin XCConfigurationList section */
		C9C0A8BF2755795C00A3B46B /* Build configuration list for PBXProject "H4X0R" */ = {
			isa = XCConfigurationList;
			buildConfigurations = (
				C9C0A8D62755795E00A3B46B /* Debug */,
				C9C0A8D72755795E00A3B46B /* Release */,
			);
			defaultConfigurationIsVisible = 0;
			defaultConfigurationName = Release;
		};
		C9C0A8D82755795E00A3B46B /* Build configuration list for PBXNativeTarget "H4X0R" */ = {
			isa = XCConfigurationList;
			buildConfigurations = (
				C9C0A8D92755795E00A3B46B /* Debug */,
				C9C0A8DA2755795E00A3B46B /* Release */,
			);
			defaultConfigurationIsVisible = 0;
			defaultConfigurationName = Release;
		};
/* End XCConfigurationList section */
	};
	rootObject = C9C0A8BC2755795C00A3B46B /* Project object */;
}
